# This file is autogenerated, do not edit; changes may be undone by the next 'dep ensure'.


[[projects]]
  name = "github.com/cenk/backoff"
  packages = ["."]
  revision = "4b4cebaf850ec58f1bb1fec5bdebdf8501c2bc3f"
  version = "v3.0.0"

[[projects]]
  branch = "master"
  name = "github.com/facebookgo/clock"
  packages = ["."]
  revision = "600d898af40aa09a7a93ecb9265d87b0504b6f03"

[[projects]]
  name = "github.com/rubyist/circuitbreaker"
  packages = ["."]
  revision = "2074adba5ddc7d5f7559448a9c3066573521c5bf"
  version = "v2.2.1"

[solve-meta]
  analyzer-name = "dep"
  analyzer-version = 1
  inputs-digest = "b7583d41ce1f8c40138f40d07d60dcc38317d588c8af08d1d1da8fe40468af09"
  solver-name = "gps-cdcl"
  solver-version = 1
